
Microsoft Visual Studio Solution File, Format Version 12.00
# Visual Studio for Mac
Project("{FAE04EC0-301F-11D3-BF4B-00C04F79EFBC}") = "My Comic Book", "My Comic Book.csproj", "{98575F2C-B70D-5A6D-7F96-89DB22B19930}"
EndProject
Global
	GlobalSection(SolutionConfigurationPlatforms) = preSolution
		Debug|Any CPU = Debug|Any CPU
		Release|Any CPU = Release|Any CPU
	EndGlobalSection
	GlobalSection(ProjectConfigurationPlatforms) = postSolution
		{98575F2C-B70D-5A6D-7F96-89DB22B19930}.Debug|Any CPU.ActiveCfg = Debug|Any CPU
		{98575F2C-B70D-5A6D-7F96-89DB22B19930}.Debug|Any CPU.Build.0 = Debug|Any CPU
		{98575F2C-B70D-5A6D-7F96-89DB22B19930}.Release|Any CPU.ActiveCfg = Release|Any CPU
		{98575F2C-B70D-5A6D-7F96-89DB22B19930}.Release|Any CPU.Build.0 = Release|Any CPU
	EndGlobalSection
	GlobalSection(SolutionProperties) = preSolution
		HideSolutionNode = FALSE
	EndGlobalSection
EndGlobal
